{
  "version": 4,
  "terraform_version": "1.4.5",
  "serial": 60,
  "lineage": "3f87bff6-576e-4e14-c66d-32c9b0d1a27c",
  "outputs": {},
  "resources": [
    {
      "mode": "managed",
      "type": "google_compute_instance",
      "name": "example",
      "provider": "provider[\"registry.terraform.io/hashicorp/google\"]",
      "instances": [
        {
          "index_key": 0,
          "schema_version": 6,
          "attributes": {
            "advanced_machine_features": [],
            "allow_stopping_for_update": null,
            "attached_disk": [],
            "boot_disk": [
              {
                "auto_delete": true,
                "device_name": "persistent-disk-0",
                "disk_encryption_key_raw": "",
                "disk_encryption_key_sha256": "",
                "initialize_params": [
                  {
                    "image": "https://www.googleapis.com/compute/v1/projects/debian-cloud/global/images/debian-10-buster-v20230411",
                    "labels": {},
                    "size": 10,
                    "type": "pd-standard"
                  }
                ],
                "kms_key_self_link": "",
                "mode": "READ_WRITE",
                "source": "https://www.googleapis.com/compute/v1/projects/fine-craft-384611/zones/us-central1-a/disks/example1-instance"
              }
            ],
            "can_ip_forward": false,
            "confidential_instance_config": [],
            "cpu_platform": "Intel Haswell",
            "current_status": "RUNNING",
            "deletion_protection": false,
            "description": "",
            "desired_status": null,
            "enable_display": false,
            "guest_accelerator": [],
            "hostname": "",
            "id": "projects/fine-craft-384611/zones/us-central1-a/instances/example1-instance",
            "instance_id": "2722725229727645548",
            "label_fingerprint": "42WmSpB8rSM=",
            "labels": null,
            "machine_type": "n1-standard-1",
            "metadata": {
              "ssh-keys": "ssh-rsa AAAAB3NzaC1yc2EAAAADAQABAAABAQDtRQQXbhssPQ71BDabs185uFx03fD3XqlEBmzkjlpIiOtVqVNsSGcxYFEL6+l6iOc6UH8ZHCAWn1HzPDaRkk9KAXbMnJN0gUoZExqgF1UwgWhvpJuWYs63Spn30kZpZ0g3eiGjwyNmIZAAalI/8T0IS/BUHXZMvMfogL9bxC3dK4xSBsZclJw7P3MF+upJ/YNFak50fmsogX/nmbXsaPLco7js+2axafF7LF4V5gd2OGDhgaQSF2vdoA+hWVrcnwd6190pSnsAVJhWCbEP6wriV8qtNQdPtywlarVIy7pfMsOHs7G8JQeWC1zneLbwzUPS5ArukNk8K8wv5IOFRB9X\n"
            },
            "metadata_fingerprint": "cFwWc14_NNs=",
            "metadata_startup_script": "#!/bin/bash\nuseradd -m -p $(openssl passwd -1 password) user1\nuseradd -m -p $(openssl passwd -1 password) user2\n",
            "min_cpu_platform": "",
            "name": "example1-instance",
            "network_interface": [
              {
                "access_config": [
                  {
                    "nat_ip": "34.172.86.132",
                    "network_tier": "PREMIUM",
                    "public_ptr_domain_name": ""
                  }
                ],
                "alias_ip_range": [],
                "ipv6_access_config": [],
                "ipv6_access_type": "",
                "name": "nic0",
                "network": "https://www.googleapis.com/compute/v1/projects/fine-craft-384611/global/networks/default",
                "network_ip": "10.128.0.23",
                "nic_type": "",
                "queue_count": 0,
                "stack_type": "IPV4_ONLY",
                "subnetwork": "https://www.googleapis.com/compute/v1/projects/fine-craft-384611/regions/us-central1/subnetworks/default",
                "subnetwork_project": "fine-craft-384611"
              }
            ],
            "project": "fine-craft-384611",
            "reservation_affinity": [],
            "resource_policies": null,
            "scheduling": [
              {
                "automatic_restart": true,
                "instance_termination_action": "",
                "min_node_cpus": 0,
                "node_affinities": [],
                "on_host_maintenance": "MIGRATE",
                "preemptible": false,
                "provisioning_model": "STANDARD"
              }
            ],
            "scratch_disk": [],
            "self_link": "https://www.googleapis.com/compute/v1/projects/fine-craft-384611/zones/us-central1-a/instances/example1-instance",
            "service_account": [],
            "shielded_instance_config": [
              {
                "enable_integrity_monitoring": true,
                "enable_secure_boot": false,
                "enable_vtpm": true
              }
            ],
            "tags": null,
            "tags_fingerprint": "42WmSpB8rSM=",
            "timeouts": null,
            "zone": "us-central1-a"
          },
          "sensitive_attributes": [],
          "private": "eyJlMmJmYjczMC1lY2FhLTExZTYtOGY4OC0zNDM2M2JjN2M0YzAiOnsiY3JlYXRlIjoxMjAwMDAwMDAwMDAwLCJkZWxldGUiOjEyMDAwMDAwMDAwMDAsInVwZGF0ZSI6MTIwMDAwMDAwMDAwMH0sInNjaGVtYV92ZXJzaW9uIjoiNiJ9",
          "dependencies": [
            "google_compute_project_metadata_item.ssh_key"
          ]
        },
        {
          "index_key": 1,
          "schema_version": 6,
          "attributes": {
            "advanced_machine_features": [],
            "allow_stopping_for_update": null,
            "attached_disk": [],
            "boot_disk": [
              {
                "auto_delete": true,
                "device_name": "persistent-disk-0",
                "disk_encryption_key_raw": "",
                "disk_encryption_key_sha256": "",
                "initialize_params": [
                  {
                    "image": "https://www.googleapis.com/compute/v1/projects/debian-cloud/global/images/debian-10-buster-v20230411",
                    "labels": {},
                    "size": 10,
                    "type": "pd-standard"
                  }
                ],
                "kms_key_self_link": "",
                "mode": "READ_WRITE",
                "source": "https://www.googleapis.com/compute/v1/projects/fine-craft-384611/zones/us-central1-a/disks/example2-instance"
              }
            ],
            "can_ip_forward": false,
            "confidential_instance_config": [],
            "cpu_platform": "Intel Haswell",
            "current_status": "RUNNING",
            "deletion_protection": false,
            "description": "",
            "desired_status": null,
            "enable_display": false,
            "guest_accelerator": [],
            "hostname": "",
            "id": "projects/fine-craft-384611/zones/us-central1-a/instances/example2-instance",
            "instance_id": "8376495911893270379",
            "label_fingerprint": "42WmSpB8rSM=",
            "labels": null,
            "machine_type": "n1-standard-1",
            "metadata": {
              "ssh-keys": "ssh-rsa AAAAB3NzaC1yc2EAAAADAQABAAABAQDtRQQXbhssPQ71BDabs185uFx03fD3XqlEBmzkjlpIiOtVqVNsSGcxYFEL6+l6iOc6UH8ZHCAWn1HzPDaRkk9KAXbMnJN0gUoZExqgF1UwgWhvpJuWYs63Spn30kZpZ0g3eiGjwyNmIZAAalI/8T0IS/BUHXZMvMfogL9bxC3dK4xSBsZclJw7P3MF+upJ/YNFak50fmsogX/nmbXsaPLco7js+2axafF7LF4V5gd2OGDhgaQSF2vdoA+hWVrcnwd6190pSnsAVJhWCbEP6wriV8qtNQdPtywlarVIy7pfMsOHs7G8JQeWC1zneLbwzUPS5ArukNk8K8wv5IOFRB9X\n"
            },
            "metadata_fingerprint": "cFwWc14_NNs=",
            "metadata_startup_script": "#!/bin/bash\nuseradd -m -p $(openssl passwd -1 password) user1\nuseradd -m -p $(openssl passwd -1 password) user2\n",
            "min_cpu_platform": "",
            "name": "example2-instance",
            "network_interface": [
              {
                "access_config": [
                  {
                    "nat_ip": "34.27.39.62",
                    "network_tier": "PREMIUM",
                    "public_ptr_domain_name": ""
                  }
                ],
                "alias_ip_range": [],
                "ipv6_access_config": [],
                "ipv6_access_type": "",
                "name": "nic0",
                "network": "https://www.googleapis.com/compute/v1/projects/fine-craft-384611/global/networks/default",
                "network_ip": "10.128.0.24",
                "nic_type": "",
                "queue_count": 0,
                "stack_type": "IPV4_ONLY",
                "subnetwork": "https://www.googleapis.com/compute/v1/projects/fine-craft-384611/regions/us-central1/subnetworks/default",
                "subnetwork_project": "fine-craft-384611"
              }
            ],
            "project": "fine-craft-384611",
            "reservation_affinity": [],
            "resource_policies": null,
            "scheduling": [
              {
                "automatic_restart": true,
                "instance_termination_action": "",
                "min_node_cpus": 0,
                "node_affinities": [],
                "on_host_maintenance": "MIGRATE",
                "preemptible": false,
                "provisioning_model": "STANDARD"
              }
            ],
            "scratch_disk": [],
            "self_link": "https://www.googleapis.com/compute/v1/projects/fine-craft-384611/zones/us-central1-a/instances/example2-instance",
            "service_account": [],
            "shielded_instance_config": [
              {
                "enable_integrity_monitoring": true,
                "enable_secure_boot": false,
                "enable_vtpm": true
              }
            ],
            "tags": null,
            "tags_fingerprint": "42WmSpB8rSM=",
            "timeouts": null,
            "zone": "us-central1-a"
          },
          "sensitive_attributes": [],
          "private": "eyJlMmJmYjczMC1lY2FhLTExZTYtOGY4OC0zNDM2M2JjN2M0YzAiOnsiY3JlYXRlIjoxMjAwMDAwMDAwMDAwLCJkZWxldGUiOjEyMDAwMDAwMDAwMDAsInVwZGF0ZSI6MTIwMDAwMDAwMDAwMH0sInNjaGVtYV92ZXJzaW9uIjoiNiJ9",
          "dependencies": [
            "google_compute_project_metadata_item.ssh_key"
          ]
        }
      ]
    },
    {
      "mode": "managed",
      "type": "google_compute_project_metadata_item",
      "name": "ssh_key",
      "provider": "provider[\"registry.terraform.io/hashicorp/google\"]",
      "instances": [
        {
          "schema_version": 0,
          "attributes": {
            "id": "ssh-keys",
            "key": "ssh-keys",
            "project": "fine-craft-384611",
            "timeouts": null,
            "value": "ssh-rsa AAAAB3NzaC1yc2EAAAADAQABAAABAQDtRQQXbhssPQ71BDabs185uFx03fD3XqlEBmzkjlpIiOtVqVNsSGcxYFEL6+l6iOc6UH8ZHCAWn1HzPDaRkk9KAXbMnJN0gUoZExqgF1UwgWhvpJuWYs63Spn30kZpZ0g3eiGjwyNmIZAAalI/8T0IS/BUHXZMvMfogL9bxC3dK4xSBsZclJw7P3MF+upJ/YNFak50fmsogX/nmbXsaPLco7js+2axafF7LF4V5gd2OGDhgaQSF2vdoA+hWVrcnwd6190pSnsAVJhWCbEP6wriV8qtNQdPtywlarVIy7pfMsOHs7G8JQeWC1zneLbwzUPS5ArukNk8K8wv5IOFRB9X\n"
          },
          "sensitive_attributes": [],
          "private": "eyJlMmJmYjczMC1lY2FhLTExZTYtOGY4OC0zNDM2M2JjN2M0YzAiOnsiY3JlYXRlIjo0MjAwMDAwMDAwMDAsImRlbGV0ZSI6NDIwMDAwMDAwMDAwLCJ1cGRhdGUiOjQyMDAwMDAwMDAwMH19",
          "dependencies": [
            "local_file.public_key",
            "tls_private_key.ssh"
          ]
        }
      ]
    },
    {
      "mode": "managed",
      "type": "local_file",
      "name": "public_key",
      "provider": "provider[\"registry.terraform.io/hashicorp/local\"]",
      "instances": [
        {
          "schema_version": 0,
          "attributes": {
            "content": "ssh-rsa AAAAB3NzaC1yc2EAAAADAQABAAABAQDtRQQXbhssPQ71BDabs185uFx03fD3XqlEBmzkjlpIiOtVqVNsSGcxYFEL6+l6iOc6UH8ZHCAWn1HzPDaRkk9KAXbMnJN0gUoZExqgF1UwgWhvpJuWYs63Spn30kZpZ0g3eiGjwyNmIZAAalI/8T0IS/BUHXZMvMfogL9bxC3dK4xSBsZclJw7P3MF+upJ/YNFak50fmsogX/nmbXsaPLco7js+2axafF7LF4V5gd2OGDhgaQSF2vdoA+hWVrcnwd6190pSnsAVJhWCbEP6wriV8qtNQdPtywlarVIy7pfMsOHs7G8JQeWC1zneLbwzUPS5ArukNk8K8wv5IOFRB9X\n",
            "content_base64": null,
            "content_base64sha256": "5mBLfhgYbkJZLGRlmujXevpkkykW4rINy9he8eP2smg=",
            "content_base64sha512": "rk1l7q7jLHV/KhpG04blKfkL30+LlHtWFmZm+BzQigaIOzFVppvXCJ82UA5AseK1zai2QCPGrX8SIdK+Nn1C6w==",
            "content_md5": "db39564d05ffa8ffa65d1f5fbed325ff",
            "content_sha1": "e1ffcf27d8b58df36e2e6cda56eeba8f44928052",
            "content_sha256": "e6604b7e18186e42592c64659ae8d77afa64932916e2b20dcbd85ef1e3f6b268",
            "content_sha512": "ae4d65eeaee32c757f2a1a46d386e529f90bdf4f8b947b56166666f81cd08a06883b3155a69bd7089f36500e40b1e2b5cda8b64023c6ad7f1221d2be367d42eb",
            "directory_permission": "0777",
            "file_permission": "0777",
            "filename": "./id_rsa.pub",
            "id": "e1ffcf27d8b58df36e2e6cda56eeba8f44928052",
            "sensitive_content": null,
            "source": null
          },
          "sensitive_attributes": [],
          "dependencies": [
            "tls_private_key.ssh"
          ]
        }
      ]
    },
    {
      "mode": "managed",
      "type": "tls_private_key",
      "name": "ssh",
      "provider": "provider[\"registry.terraform.io/hashicorp/tls\"]",
      "instances": [
        {
          "schema_version": 1,
          "attributes": {
            "algorithm": "RSA",
            "ecdsa_curve": "P224",
            "id": "766f3d82856a62062c52b0d6ed96b9ed9bcc57ea",
            "private_key_openssh": "-----BEGIN OPENSSH PRIVATE KEY-----\nb3BlbnNzaC1rZXktdjEAAAAABG5vbmUAAAAEbm9uZQAAAAAAAAABAAABFwAAAAdz\nc2gtcnNhAAAAAwEAAQAAAQEA7UUEF24bLD0O9QQ2m7NfObhcdN3w916pRAZs5I5a\nSIjrValTbEhnMWBRC+vpeojnOlB/GRwgFp9R8zw2kZJPSgF2zJyTdIFKGRMaoBdV\nMIFob6SblmLOt0qZ99JGaWdIN3oho8MjZiGQAGpSP/E9CEvwVB12TLzH6IC/W8Qt\n3SuMUgbGXJScOz9zBfrqSf2DRWpOdH5rKIF/55m17Gjy3KO47PtmsWnxeyxeFeYH\ndjhg4YGkEhdr3aAPoVla3J8HetfdKUp7AFSYVgmxD+sK4lfKrTUHT7csJWq1SMu6\nXzLDh7OxvCUHlgtc53i28M1D0uQK7pDZPCvML+SDhUQfVwAAA7hBDjtLQQ47SwAA\nAAdzc2gtcnNhAAABAQDtRQQXbhssPQ71BDabs185uFx03fD3XqlEBmzkjlpIiOtV\nqVNsSGcxYFEL6+l6iOc6UH8ZHCAWn1HzPDaRkk9KAXbMnJN0gUoZExqgF1UwgWhv\npJuWYs63Spn30kZpZ0g3eiGjwyNmIZAAalI/8T0IS/BUHXZMvMfogL9bxC3dK4xS\nBsZclJw7P3MF+upJ/YNFak50fmsogX/nmbXsaPLco7js+2axafF7LF4V5gd2OGDh\ngaQSF2vdoA+hWVrcnwd6190pSnsAVJhWCbEP6wriV8qtNQdPtywlarVIy7pfMsOH\ns7G8JQeWC1zneLbwzUPS5ArukNk8K8wv5IOFRB9XAAAAAwEAAQAAAQAQYsnLjHEX\n9weHaEkVK6gR5meMMp+nlcP+zKrMhgA6LiqCefUm70EhKdOvDRXMvpOpdVGxvD2D\nEnGoaKokF4SeSceYjd+pFhy16pnWIIZjmSxLOYT9N8mq4t4LPVxbfyR/oFGea6WQ\nMhUt0inn/JMIdaYdSQOYfRkZN3r/rWa1dWBqH4c6l6S0Au+yx2J9XUtow4u/TdUf\nmIIa+fO7oPTsVaSdOCbrObT8Js8yVeyHqAYlD33yABGYRLymRkMlp6kQkBht1Qh/\npZLmIiKbgm/Eol0tDkG1llp72zXIphQvt7i6jp+z23NRVVBfymwmx4ZaC6LiAiwX\njTGeif0VhLTxAAAAgQC+TYSkbuu5j4NwY/Fn/Ue2i2jjs4y5Sl0mra7OyExhGeES\n3l5pexwkKxOA+Vy4bu0oyZ1WnIC8s2BLcZ//BleRLetbMnKVqH9wSPHyBdnS6Cyv\n6bNPvlo8LWM1c8jRDOiIt6ntIINPqyoUHUv1tV4dDdyPntAsC88T8RFoSCBNfwAA\nAIEA8zoEdK+wPpbzhBDEoWpCT1rkwJFJCWEgpjE+GtI4WDmNXAKIRgT1CU6vxkAz\nlsvkmHvO+WRE7+EmP21+N+WXQB+dosJwajKUs9ItSD8/QabA+Bi1pHkF90ak9BDb\n7eyx3pkg+4Z6fZoQRfLeNsQWCr231xP0A7IRWZeNlr+jGTUAAACBAPm66T38JIwK\nzriso2CzZhbz+FirzSuf6zfcXUM6gR4DqdK+D8v6lw77vecR7cgFXGQ4lPimd+UP\nPFW+uI2lTx6P/aaNdSPiG5sAPTOqtyOr6frFoCYZi4g7GV+2pMAD343PgCULSuHz\nWP/Qz6wcq57OPpbbkjHdSjuhwEPK2DPbAAAAAAEC\n-----END OPENSSH PRIVATE KEY-----\n",
            "private_key_pem": "-----BEGIN RSA PRIVATE KEY-----\nMIIEpAIBAAKCAQEA7UUEF24bLD0O9QQ2m7NfObhcdN3w916pRAZs5I5aSIjrValT\nbEhnMWBRC+vpeojnOlB/GRwgFp9R8zw2kZJPSgF2zJyTdIFKGRMaoBdVMIFob6Sb\nlmLOt0qZ99JGaWdIN3oho8MjZiGQAGpSP/E9CEvwVB12TLzH6IC/W8Qt3SuMUgbG\nXJScOz9zBfrqSf2DRWpOdH5rKIF/55m17Gjy3KO47PtmsWnxeyxeFeYHdjhg4YGk\nEhdr3aAPoVla3J8HetfdKUp7AFSYVgmxD+sK4lfKrTUHT7csJWq1SMu6XzLDh7Ox\nvCUHlgtc53i28M1D0uQK7pDZPCvML+SDhUQfVwIDAQABAoIBABBiycuMcRf3B4do\nSRUrqBHmZ4wyn6eVw/7MqsyGADouKoJ59SbvQSEp068NFcy+k6l1UbG8PYMScaho\nqiQXhJ5Jx5iN36kWHLXqmdYghmOZLEs5hP03yari3gs9XFt/JH+gUZ5rpZAyFS3S\nKef8kwh1ph1JA5h9GRk3ev+tZrV1YGofhzqXpLQC77LHYn1dS2jDi79N1R+Yghr5\n87ug9OxVpJ04Jus5tPwmzzJV7IeoBiUPffIAEZhEvKZGQyWnqRCQGG3VCH+lkuYi\nIpuCb8SiXS0OQbWWWnvbNcimFC+3uLqOn7Pbc1FVUF/KbCbHhloLouICLBeNMZ6J\n/RWEtPECgYEA8zoEdK+wPpbzhBDEoWpCT1rkwJFJCWEgpjE+GtI4WDmNXAKIRgT1\nCU6vxkAzlsvkmHvO+WRE7+EmP21+N+WXQB+dosJwajKUs9ItSD8/QabA+Bi1pHkF\n90ak9BDb7eyx3pkg+4Z6fZoQRfLeNsQWCr231xP0A7IRWZeNlr+jGTUCgYEA+brp\nPfwkjArOuKyjYLNmFvP4WKvNK5/rN9xdQzqBHgOp0r4Py/qXDvu95xHtyAVcZDiU\n+KZ35Q88Vb64jaVPHo/9po11I+IbmwA9M6q3I6vp+sWgJhmLiDsZX7akwAPfjc+A\nJQtK4fNY/9DPrByrns4+ltuSMd1KO6HAQ8rYM9sCgYAYBAeCmgJV+8Opq5ousfZA\nLaJenTnP8kYuAri2H0Gu/GfHyPw5pa2oMJvMgHRXlGRK5hamq07fPKTxKFeJH2NS\n0oxXEMnWwo3KP5t3Ab+2NMfi91WgGs8K/m+1JaEBmhhp+Ua3byzTEA5BSdzFHZFr\nmBX55591afSqmvtBAkURbQKBgQDKh3ltmbWSFZm9T9VYMWYUK1w3nW1ReeprbT39\nrc7VJqdtkFKDXQFxV1yVr4al9yMM7I50cZ0+mXKXH4vQ5EYcRS6zCnn71f4JYNJB\nuqu4NE4X4HqXK5RrsXJMm3VVfE6rVaNZZ6UdRhvhq9kgfkf5DM7Zzczsv8jaP74L\nvNBGjQKBgQC+TYSkbuu5j4NwY/Fn/Ue2i2jjs4y5Sl0mra7OyExhGeES3l5pexwk\nKxOA+Vy4bu0oyZ1WnIC8s2BLcZ//BleRLetbMnKVqH9wSPHyBdnS6Cyv6bNPvlo8\nLWM1c8jRDOiIt6ntIINPqyoUHUv1tV4dDdyPntAsC88T8RFoSCBNfw==\n-----END RSA PRIVATE KEY-----\n",
            "private_key_pem_pkcs8": "-----BEGIN PRIVATE KEY-----\nMIIEvgIBADANBgkqhkiG9w0BAQEFAASCBKgwggSkAgEAAoIBAQDtRQQXbhssPQ71\nBDabs185uFx03fD3XqlEBmzkjlpIiOtVqVNsSGcxYFEL6+l6iOc6UH8ZHCAWn1Hz\nPDaRkk9KAXbMnJN0gUoZExqgF1UwgWhvpJuWYs63Spn30kZpZ0g3eiGjwyNmIZAA\nalI/8T0IS/BUHXZMvMfogL9bxC3dK4xSBsZclJw7P3MF+upJ/YNFak50fmsogX/n\nmbXsaPLco7js+2axafF7LF4V5gd2OGDhgaQSF2vdoA+hWVrcnwd6190pSnsAVJhW\nCbEP6wriV8qtNQdPtywlarVIy7pfMsOHs7G8JQeWC1zneLbwzUPS5ArukNk8K8wv\n5IOFRB9XAgMBAAECggEAEGLJy4xxF/cHh2hJFSuoEeZnjDKfp5XD/syqzIYAOi4q\ngnn1Ju9BISnTrw0VzL6TqXVRsbw9gxJxqGiqJBeEnknHmI3fqRYcteqZ1iCGY5ks\nSzmE/TfJquLeCz1cW38kf6BRnmulkDIVLdIp5/yTCHWmHUkDmH0ZGTd6/61mtXVg\nah+HOpektALvssdifV1LaMOLv03VH5iCGvnzu6D07FWknTgm6zm0/CbPMlXsh6gG\nJQ998gARmES8pkZDJaepEJAYbdUIf6WS5iIim4JvxKJdLQ5BtZZae9s1yKYUL7e4\nuo6fs9tzUVVQX8psJseGWgui4gIsF40xnon9FYS08QKBgQDzOgR0r7A+lvOEEMSh\nakJPWuTAkUkJYSCmMT4a0jhYOY1cAohGBPUJTq/GQDOWy+SYe875ZETv4SY/bX43\n5ZdAH52iwnBqMpSz0i1IPz9BpsD4GLWkeQX3RqT0ENvt7LHemSD7hnp9mhBF8t42\nxBYKvbfXE/QDshFZl42Wv6MZNQKBgQD5uuk9/CSMCs64rKNgs2YW8/hYq80rn+s3\n3F1DOoEeA6nSvg/L+pcO+73nEe3IBVxkOJT4pnflDzxVvriNpU8ej/2mjXUj4hub\nAD0zqrcjq+n6xaAmGYuIOxlftqTAA9+Nz4AlC0rh81j/0M+sHKuezj6W25Ix3Uo7\nocBDytgz2wKBgBgEB4KaAlX7w6mrmi6x9kAtol6dOc/yRi4CuLYfQa78Z8fI/Dml\nragwm8yAdFeUZErmFqarTt88pPEoV4kfY1LSjFcQydbCjco/m3cBv7Y0x+L3VaAa\nzwr+b7UloQGaGGn5RrdvLNMQDkFJ3MUdkWuYFfnnn3Vp9Kqa+0ECRRFtAoGBAMqH\neW2ZtZIVmb1P1VgxZhQrXDedbVF56mttPf2tztUmp22QUoNdAXFXXJWvhqX3Iwzs\njnRxnT6Zcpcfi9DkRhxFLrMKefvV/glg0kG6q7g0ThfgepcrlGuxckybdVV8TqtV\no1lnpR1GG+Gr2SB+R/kMztnNzOy/yNo/vgu80EaNAoGBAL5NhKRu67mPg3Bj8Wf9\nR7aLaOOzjLlKXSatrs7ITGEZ4RLeXml7HCQrE4D5XLhu7SjJnVacgLyzYEtxn/8G\nV5Et61sycpWof3BI8fIF2dLoLK/ps0++WjwtYzVzyNEM6Ii3qe0gg0+rKhQdS/W1\nXh0N3I+e0CwLzxPxEWhIIE1/\n-----END PRIVATE KEY-----\n",
            "public_key_fingerprint_md5": "4a:20:6c:5b:59:54:b6:94:19:53:19:4a:3c:24:85:0f",
            "public_key_fingerprint_sha256": "SHA256:8r0HYbzc+Ip4aUJOBEOFcEZhvUI8T6wWgXhNkNGEJcQ",
            "public_key_openssh": "ssh-rsa AAAAB3NzaC1yc2EAAAADAQABAAABAQDtRQQXbhssPQ71BDabs185uFx03fD3XqlEBmzkjlpIiOtVqVNsSGcxYFEL6+l6iOc6UH8ZHCAWn1HzPDaRkk9KAXbMnJN0gUoZExqgF1UwgWhvpJuWYs63Spn30kZpZ0g3eiGjwyNmIZAAalI/8T0IS/BUHXZMvMfogL9bxC3dK4xSBsZclJw7P3MF+upJ/YNFak50fmsogX/nmbXsaPLco7js+2axafF7LF4V5gd2OGDhgaQSF2vdoA+hWVrcnwd6190pSnsAVJhWCbEP6wriV8qtNQdPtywlarVIy7pfMsOHs7G8JQeWC1zneLbwzUPS5ArukNk8K8wv5IOFRB9X\n",
            "public_key_pem": "-----BEGIN PUBLIC KEY-----\nMIIBIjANBgkqhkiG9w0BAQEFAAOCAQ8AMIIBCgKCAQEA7UUEF24bLD0O9QQ2m7Nf\nObhcdN3w916pRAZs5I5aSIjrValTbEhnMWBRC+vpeojnOlB/GRwgFp9R8zw2kZJP\nSgF2zJyTdIFKGRMaoBdVMIFob6SblmLOt0qZ99JGaWdIN3oho8MjZiGQAGpSP/E9\nCEvwVB12TLzH6IC/W8Qt3SuMUgbGXJScOz9zBfrqSf2DRWpOdH5rKIF/55m17Gjy\n3KO47PtmsWnxeyxeFeYHdjhg4YGkEhdr3aAPoVla3J8HetfdKUp7AFSYVgmxD+sK\n4lfKrTUHT7csJWq1SMu6XzLDh7OxvCUHlgtc53i28M1D0uQK7pDZPCvML+SDhUQf\nVwIDAQAB\n-----END PUBLIC KEY-----\n",
            "rsa_bits": 2048
          },
          "sensitive_attributes": []
        }
      ]
    }
  ],
  "check_results": null
}
