{
  "version": 4,
  "terraform_version": "1.4.5",
  "serial": 78,
  "lineage": "3f87bff6-576e-4e14-c66d-32c9b0d1a27c",
  "outputs": {},
  "resources": [
    {
      "mode": "managed",
      "type": "google_compute_instance",
      "name": "example",
      "provider": "provider[\"registry.terraform.io/hashicorp/google\"]",
      "instances": [
        {
          "index_key": 0,
          "schema_version": 6,
          "attributes": {
            "advanced_machine_features": [],
            "allow_stopping_for_update": null,
            "attached_disk": [],
            "boot_disk": [
              {
                "auto_delete": true,
                "device_name": "persistent-disk-0",
                "disk_encryption_key_raw": "",
                "disk_encryption_key_sha256": "",
                "initialize_params": [
                  {
                    "image": "https://www.googleapis.com/compute/v1/projects/rhel-cloud/global/images/rhel-8-v20230411",
                    "labels": {},
                    "size": 20,
                    "type": "pd-standard"
                  }
                ],
                "kms_key_self_link": "",
                "mode": "READ_WRITE",
                "source": "https://www.googleapis.com/compute/v1/projects/fine-craft-384611/zones/us-central1-a/disks/example1-instance"
              }
            ],
            "can_ip_forward": false,
            "confidential_instance_config": [],
            "cpu_platform": "Intel Haswell",
            "current_status": "RUNNING",
            "deletion_protection": false,
            "description": "",
            "desired_status": null,
            "enable_display": false,
            "guest_accelerator": [],
            "hostname": "",
            "id": "projects/fine-craft-384611/zones/us-central1-a/instances/example1-instance",
            "instance_id": "2096111328266110158",
            "label_fingerprint": "42WmSpB8rSM=",
            "labels": null,
            "machine_type": "n1-standard-1",
            "metadata": {
              "ssh-keys": "ssh-rsa AAAAB3NzaC1yc2EAAAADAQABAAABAQChvCwiWJA4r5u9p+FCFEEq0oTgHMP1dOEau6MFxkAnwHiOu22Q6+dBNB7ECBBDcOaR2Smyzg9rE8jY2/Vk9PiTYqH2L5UJlMjPH7M8fnZ+aIPgoX2miaf9QH2UYof9DQGzULacF8ha6h+dDqY75GmsRh5aCnU243XkH0mINjWoCZM3lmoCdGJtL6WwdXkxrsYYQWV8/omgezXEnB6882iZ0+M6Ami4O7eeQzhi3g8nHXw/AgdLKH2gPvFUVjAkpIyRzMBy5CrkwDVvZYytjVmMVo4+/6AR55ybm0X0cleokOuA1JbbKGOLU7EbvUijlSZ/ZuN67VtJpCBbTMZp7wQf\n"
            },
            "metadata_fingerprint": "IvKLXHSi6Bw=",
            "metadata_startup_script": "#!/bin/bash\nuseradd -m -p $(openssl passwd -1 password) user1\nuseradd -m -p $(openssl passwd -1 password) user2\n",
            "min_cpu_platform": "",
            "name": "example1-instance",
            "network_interface": [
              {
                "access_config": [
                  {
                    "nat_ip": "34.172.157.160",
                    "network_tier": "PREMIUM",
                    "public_ptr_domain_name": ""
                  }
                ],
                "alias_ip_range": [],
                "ipv6_access_config": [],
                "ipv6_access_type": "",
                "name": "nic0",
                "network": "https://www.googleapis.com/compute/v1/projects/fine-craft-384611/global/networks/default",
                "network_ip": "10.128.0.25",
                "nic_type": "",
                "queue_count": 0,
                "stack_type": "IPV4_ONLY",
                "subnetwork": "https://www.googleapis.com/compute/v1/projects/fine-craft-384611/regions/us-central1/subnetworks/default",
                "subnetwork_project": "fine-craft-384611"
              }
            ],
            "project": "fine-craft-384611",
            "reservation_affinity": [],
            "resource_policies": null,
            "scheduling": [
              {
                "automatic_restart": true,
                "instance_termination_action": "",
                "min_node_cpus": 0,
                "node_affinities": [],
                "on_host_maintenance": "MIGRATE",
                "preemptible": false,
                "provisioning_model": "STANDARD"
              }
            ],
            "scratch_disk": [],
            "self_link": "https://www.googleapis.com/compute/v1/projects/fine-craft-384611/zones/us-central1-a/instances/example1-instance",
            "service_account": [],
            "shielded_instance_config": [
              {
                "enable_integrity_monitoring": true,
                "enable_secure_boot": false,
                "enable_vtpm": true
              }
            ],
            "tags": null,
            "tags_fingerprint": "42WmSpB8rSM=",
            "timeouts": null,
            "zone": "us-central1-a"
          },
          "sensitive_attributes": [],
          "private": "eyJlMmJmYjczMC1lY2FhLTExZTYtOGY4OC0zNDM2M2JjN2M0YzAiOnsiY3JlYXRlIjoxMjAwMDAwMDAwMDAwLCJkZWxldGUiOjEyMDAwMDAwMDAwMDAsInVwZGF0ZSI6MTIwMDAwMDAwMDAwMH0sInNjaGVtYV92ZXJzaW9uIjoiNiJ9",
          "dependencies": [
            "google_compute_project_metadata_item.ssh_key"
          ]
        },
        {
          "index_key": 1,
          "schema_version": 6,
          "attributes": {
            "advanced_machine_features": [],
            "allow_stopping_for_update": null,
            "attached_disk": [],
            "boot_disk": [
              {
                "auto_delete": true,
                "device_name": "persistent-disk-0",
                "disk_encryption_key_raw": "",
                "disk_encryption_key_sha256": "",
                "initialize_params": [
                  {
                    "image": "https://www.googleapis.com/compute/v1/projects/rhel-cloud/global/images/rhel-8-v20230411",
                    "labels": {},
                    "size": 20,
                    "type": "pd-standard"
                  }
                ],
                "kms_key_self_link": "",
                "mode": "READ_WRITE",
                "source": "https://www.googleapis.com/compute/v1/projects/fine-craft-384611/zones/us-central1-a/disks/example2-instance"
              }
            ],
            "can_ip_forward": false,
            "confidential_instance_config": [],
            "cpu_platform": "Intel Haswell",
            "current_status": "RUNNING",
            "deletion_protection": false,
            "description": "",
            "desired_status": null,
            "enable_display": false,
            "guest_accelerator": [],
            "hostname": "",
            "id": "projects/fine-craft-384611/zones/us-central1-a/instances/example2-instance",
            "instance_id": "2028203737788007630",
            "label_fingerprint": "42WmSpB8rSM=",
            "labels": null,
            "machine_type": "n1-standard-1",
            "metadata": {
              "ssh-keys": "ssh-rsa AAAAB3NzaC1yc2EAAAADAQABAAABAQChvCwiWJA4r5u9p+FCFEEq0oTgHMP1dOEau6MFxkAnwHiOu22Q6+dBNB7ECBBDcOaR2Smyzg9rE8jY2/Vk9PiTYqH2L5UJlMjPH7M8fnZ+aIPgoX2miaf9QH2UYof9DQGzULacF8ha6h+dDqY75GmsRh5aCnU243XkH0mINjWoCZM3lmoCdGJtL6WwdXkxrsYYQWV8/omgezXEnB6882iZ0+M6Ami4O7eeQzhi3g8nHXw/AgdLKH2gPvFUVjAkpIyRzMBy5CrkwDVvZYytjVmMVo4+/6AR55ybm0X0cleokOuA1JbbKGOLU7EbvUijlSZ/ZuN67VtJpCBbTMZp7wQf\n"
            },
            "metadata_fingerprint": "IvKLXHSi6Bw=",
            "metadata_startup_script": "#!/bin/bash\nuseradd -m -p $(openssl passwd -1 password) user1\nuseradd -m -p $(openssl passwd -1 password) user2\n",
            "min_cpu_platform": "",
            "name": "example2-instance",
            "network_interface": [
              {
                "access_config": [
                  {
                    "nat_ip": "34.30.78.180",
                    "network_tier": "PREMIUM",
                    "public_ptr_domain_name": ""
                  }
                ],
                "alias_ip_range": [],
                "ipv6_access_config": [],
                "ipv6_access_type": "",
                "name": "nic0",
                "network": "https://www.googleapis.com/compute/v1/projects/fine-craft-384611/global/networks/default",
                "network_ip": "10.128.0.26",
                "nic_type": "",
                "queue_count": 0,
                "stack_type": "IPV4_ONLY",
                "subnetwork": "https://www.googleapis.com/compute/v1/projects/fine-craft-384611/regions/us-central1/subnetworks/default",
                "subnetwork_project": "fine-craft-384611"
              }
            ],
            "project": "fine-craft-384611",
            "reservation_affinity": [],
            "resource_policies": null,
            "scheduling": [
              {
                "automatic_restart": true,
                "instance_termination_action": "",
                "min_node_cpus": 0,
                "node_affinities": [],
                "on_host_maintenance": "MIGRATE",
                "preemptible": false,
                "provisioning_model": "STANDARD"
              }
            ],
            "scratch_disk": [],
            "self_link": "https://www.googleapis.com/compute/v1/projects/fine-craft-384611/zones/us-central1-a/instances/example2-instance",
            "service_account": [],
            "shielded_instance_config": [
              {
                "enable_integrity_monitoring": true,
                "enable_secure_boot": false,
                "enable_vtpm": true
              }
            ],
            "tags": null,
            "tags_fingerprint": "42WmSpB8rSM=",
            "timeouts": null,
            "zone": "us-central1-a"
          },
          "sensitive_attributes": [],
          "private": "eyJlMmJmYjczMC1lY2FhLTExZTYtOGY4OC0zNDM2M2JjN2M0YzAiOnsiY3JlYXRlIjoxMjAwMDAwMDAwMDAwLCJkZWxldGUiOjEyMDAwMDAwMDAwMDAsInVwZGF0ZSI6MTIwMDAwMDAwMDAwMH0sInNjaGVtYV92ZXJzaW9uIjoiNiJ9",
          "dependencies": [
            "google_compute_project_metadata_item.ssh_key"
          ]
        }
      ]
    },
    {
      "mode": "managed",
      "type": "google_compute_project_metadata_item",
      "name": "ssh_key",
      "provider": "provider[\"registry.terraform.io/hashicorp/google\"]",
      "instances": [
        {
          "schema_version": 0,
          "attributes": {
            "id": "ssh-keys",
            "key": "ssh-keys",
            "project": "fine-craft-384611",
            "timeouts": null,
            "value": "ssh-rsa AAAAB3NzaC1yc2EAAAADAQABAAABAQChvCwiWJA4r5u9p+FCFEEq0oTgHMP1dOEau6MFxkAnwHiOu22Q6+dBNB7ECBBDcOaR2Smyzg9rE8jY2/Vk9PiTYqH2L5UJlMjPH7M8fnZ+aIPgoX2miaf9QH2UYof9DQGzULacF8ha6h+dDqY75GmsRh5aCnU243XkH0mINjWoCZM3lmoCdGJtL6WwdXkxrsYYQWV8/omgezXEnB6882iZ0+M6Ami4O7eeQzhi3g8nHXw/AgdLKH2gPvFUVjAkpIyRzMBy5CrkwDVvZYytjVmMVo4+/6AR55ybm0X0cleokOuA1JbbKGOLU7EbvUijlSZ/ZuN67VtJpCBbTMZp7wQf\n"
          },
          "sensitive_attributes": [],
          "private": "eyJlMmJmYjczMC1lY2FhLTExZTYtOGY4OC0zNDM2M2JjN2M0YzAiOnsiY3JlYXRlIjo0MjAwMDAwMDAwMDAsImRlbGV0ZSI6NDIwMDAwMDAwMDAwLCJ1cGRhdGUiOjQyMDAwMDAwMDAwMH19",
          "dependencies": [
            "local_file.public_key",
            "tls_private_key.ssh"
          ]
        }
      ]
    },
    {
      "mode": "managed",
      "type": "local_file",
      "name": "public_key",
      "provider": "provider[\"registry.terraform.io/hashicorp/local\"]",
      "instances": [
        {
          "schema_version": 0,
          "attributes": {
            "content": "ssh-rsa AAAAB3NzaC1yc2EAAAADAQABAAABAQChvCwiWJA4r5u9p+FCFEEq0oTgHMP1dOEau6MFxkAnwHiOu22Q6+dBNB7ECBBDcOaR2Smyzg9rE8jY2/Vk9PiTYqH2L5UJlMjPH7M8fnZ+aIPgoX2miaf9QH2UYof9DQGzULacF8ha6h+dDqY75GmsRh5aCnU243XkH0mINjWoCZM3lmoCdGJtL6WwdXkxrsYYQWV8/omgezXEnB6882iZ0+M6Ami4O7eeQzhi3g8nHXw/AgdLKH2gPvFUVjAkpIyRzMBy5CrkwDVvZYytjVmMVo4+/6AR55ybm0X0cleokOuA1JbbKGOLU7EbvUijlSZ/ZuN67VtJpCBbTMZp7wQf\n",
            "content_base64": null,
            "content_base64sha256": "1Cz3XO/IMY6hcNEGbU86LTlSpwsaA7WYsIB2n3ZHBjo=",
            "content_base64sha512": "wl7OST+hffc09Dxr9i3CEMOu9PaO0yHldqLJKmK9yt5a8l6T2wYOHeGFUyDPEXt8vC1mdHSsiDnJrPQ+YsY1gg==",
            "content_md5": "7dcb9fcf01ff6ce0fd9e01eb0927aa0b",
            "content_sha1": "56cdb9d68691976406320c079ff4ff8536d7758c",
            "content_sha256": "d42cf75cefc8318ea170d1066d4f3a2d3952a70b1a03b598b080769f7647063a",
            "content_sha512": "c25ece493fa17df734f43c6bf62dc210c3aef4f68ed321e576a2c92a62bdcade5af25e93db060e1de1855320cf117b7cbc2d667474ac8839c9acf43e62c63582",
            "directory_permission": "0777",
            "file_permission": "0777",
            "filename": "./id_rsa.pub",
            "id": "56cdb9d68691976406320c079ff4ff8536d7758c",
            "sensitive_content": null,
            "source": null
          },
          "sensitive_attributes": [],
          "dependencies": [
            "tls_private_key.ssh"
          ]
        }
      ]
    },
    {
      "mode": "managed",
      "type": "tls_private_key",
      "name": "ssh",
      "provider": "provider[\"registry.terraform.io/hashicorp/tls\"]",
      "instances": [
        {
          "schema_version": 1,
          "attributes": {
            "algorithm": "RSA",
            "ecdsa_curve": "P224",
            "id": "4c69a59def1026694dc9ecc4ae67deaa015a00fa",
            "private_key_openssh": "-----BEGIN OPENSSH PRIVATE KEY-----\nb3BlbnNzaC1rZXktdjEAAAAABG5vbmUAAAAEbm9uZQAAAAAAAAABAAABFwAAAAdz\nc2gtcnNhAAAAAwEAAQAAAQEAobwsIliQOK+bvafhQhRBKtKE4BzD9XThGrujBcZA\nJ8B4jrttkOvnQTQexAgQQ3Dmkdkpss4PaxPI2Nv1ZPT4k2Kh9i+VCZTIzx+zPH52\nfmiD4KF9pomn/UB9lGKH/Q0Bs1C2nBfIWuofnQ6mO+RprEYeWgp1NuN15B9JiDY1\nqAmTN5ZqAnRibS+lsHV5Ma7GGEFlfP6JoHs1xJwevPNomdPjOgJouDu3nkM4Yt4P\nJx18PwIHSyh9oD7xVFYwJKSMkczAcuQq5MA1b2WMrY1ZjFaOPv+gEeecm5tF9HJX\nqJDrgNSW2yhji1OxG71Io5Umf2bjeu1bSaQgW0zGae8EHwAAA7hBZaprQWWqawAA\nAAdzc2gtcnNhAAABAQChvCwiWJA4r5u9p+FCFEEq0oTgHMP1dOEau6MFxkAnwHiO\nu22Q6+dBNB7ECBBDcOaR2Smyzg9rE8jY2/Vk9PiTYqH2L5UJlMjPH7M8fnZ+aIPg\noX2miaf9QH2UYof9DQGzULacF8ha6h+dDqY75GmsRh5aCnU243XkH0mINjWoCZM3\nlmoCdGJtL6WwdXkxrsYYQWV8/omgezXEnB6882iZ0+M6Ami4O7eeQzhi3g8nHXw/\nAgdLKH2gPvFUVjAkpIyRzMBy5CrkwDVvZYytjVmMVo4+/6AR55ybm0X0cleokOuA\n1JbbKGOLU7EbvUijlSZ/ZuN67VtJpCBbTMZp7wQfAAAAAwEAAQAAAQAzq1MKMfL5\nORjvMRfkrWXYUWMD2gy8ePeFO9ar/Jb4XCPnrXcmakb57LW7eLwBX6s5gwAwUGZa\nlfp/VV4DP8O+Ci+l37OkWPUCPqVbOSeP4MHo3I6wyp9xZ832vrelHyeg6rM8ENkA\nOnWZDloLHkCoOcpuh5LE00wRcfFi47amlM5/SjF3Ji2w+YaKU6BwyBtK1SiFkRhw\nRVmfjRpUrYhcpeCh2EQgIqXmm8RPaq3kaW1DKNFs2UK40nFa4kyQXNdk/QU3y74x\nCRkmWSNYk/jjtB+avhHs1Zt7KnpfL7+WVG3jwZnWFPi0rYo3CzS2LtxLFqo68x5m\nIzkiP67/+8UZAAAAgQCj3VrQg/yh4Va3JjN8ZUq+h4ew7JKakBNrVNV4yA/+nz3u\nJfRQwbQsxaWMc64ac0i2XAKyHwic+HG5+yhuBbDYRllZN6pIW2RMmJgi/zj9NWCu\nwozZNIYrz/ONS0S3qwo0l6olvz/TjvLOiabz+r1AzkvmlCjSnfgAbog6BiSeQQAA\nAIEAyWS951hPRXoQCPp50hcQyqcFtjLAqPb1fKk/PvYSIqrEIOBE0Y6DtN/yE0oW\nQS6bQYGtnAOOM3Ib/IFtmV1kcyvmZrrHoMo/W96bQMUOGBQg8zmoSc51L3bWfUq0\nolWP+2dZE31x/nvb7F5UG5LfuQdy0oVDGh3oJaRuAww19j0AAACBAM2WoXqdbt6H\nN1a5dBfVV/TUAsZznGGX1Q3d41NNPvHoFtKzn6iklH2JolvSxJXGCxeOC95Bd+/L\nyqAMihRtwT7T1EByqWV/hUL4b7Jvtp1WDwyvqD+FqaovMu6FvinZHGW8GQEBBU+6\ncwzWF6LYP7khfuO2LWk5T6GVtlyQcaWLAAAAAAEC\n-----END OPENSSH PRIVATE KEY-----\n",
            "private_key_pem": "-----BEGIN RSA PRIVATE KEY-----\nMIIEpAIBAAKCAQEAobwsIliQOK+bvafhQhRBKtKE4BzD9XThGrujBcZAJ8B4jrtt\nkOvnQTQexAgQQ3Dmkdkpss4PaxPI2Nv1ZPT4k2Kh9i+VCZTIzx+zPH52fmiD4KF9\npomn/UB9lGKH/Q0Bs1C2nBfIWuofnQ6mO+RprEYeWgp1NuN15B9JiDY1qAmTN5Zq\nAnRibS+lsHV5Ma7GGEFlfP6JoHs1xJwevPNomdPjOgJouDu3nkM4Yt4PJx18PwIH\nSyh9oD7xVFYwJKSMkczAcuQq5MA1b2WMrY1ZjFaOPv+gEeecm5tF9HJXqJDrgNSW\n2yhji1OxG71Io5Umf2bjeu1bSaQgW0zGae8EHwIDAQABAoIBADOrUwox8vk5GO8x\nF+StZdhRYwPaDLx494U71qv8lvhcI+etdyZqRvnstbt4vAFfqzmDADBQZlqV+n9V\nXgM/w74KL6Xfs6RY9QI+pVs5J4/gwejcjrDKn3Fnzfa+t6UfJ6DqszwQ2QA6dZkO\nWgseQKg5ym6HksTTTBFx8WLjtqaUzn9KMXcmLbD5hopToHDIG0rVKIWRGHBFWZ+N\nGlStiFyl4KHYRCAipeabxE9qreRpbUMo0WzZQrjScVriTJBc12T9BTfLvjEJGSZZ\nI1iT+OO0H5q+EezVm3sqel8vv5ZUbePBmdYU+LStijcLNLYu3EsWqjrzHmYjOSI/\nrv/7xRkCgYEAyWS951hPRXoQCPp50hcQyqcFtjLAqPb1fKk/PvYSIqrEIOBE0Y6D\ntN/yE0oWQS6bQYGtnAOOM3Ib/IFtmV1kcyvmZrrHoMo/W96bQMUOGBQg8zmoSc51\nL3bWfUq0olWP+2dZE31x/nvb7F5UG5LfuQdy0oVDGh3oJaRuAww19j0CgYEAzZah\nep1u3oc3Vrl0F9VX9NQCxnOcYZfVDd3jU00+8egW0rOfqKSUfYmiW9LElcYLF44L\n3kF378vKoAyKFG3BPtPUQHKpZX+FQvhvsm+2nVYPDK+oP4Wpqi8y7oW+KdkcZbwZ\nAQEFT7pzDNYXotg/uSF+47YtaTlPoZW2XJBxpYsCgYEAo8lVlHdCiPt7XQHv3we5\nNUbeo03lV8T44zh14kuXdjAxL5eVAGSKAqj6o+tl6/7ubzj6q15M4NQVpKbSLp9A\nmVYDnFqdDcxN+PYyh1t7WePM5GJo1hWdQkvApscB3t/9J/XmAK7N7axnsHUKrB4n\n6r//Bu0wJGZcLXjrq3jbzfUCgYBIbTiWKcBVRO2J7+umOdKyvb38i94bw5GbQQBE\n6IG0Vz8zG3SzxMdLMqGwF6CJ4yslMTWdJxNJt1G68K/0YnYh3B56Veq3hyU7Yqp3\nAkQjSZ4jqf5r4nrTKa2XuiY0N/h5HrrwT5u/ar/9Va8d/3Dzl4lMT3HQEBCtrECC\ne6CN4QKBgQCj3VrQg/yh4Va3JjN8ZUq+h4ew7JKakBNrVNV4yA/+nz3uJfRQwbQs\nxaWMc64ac0i2XAKyHwic+HG5+yhuBbDYRllZN6pIW2RMmJgi/zj9NWCuwozZNIYr\nz/ONS0S3qwo0l6olvz/TjvLOiabz+r1AzkvmlCjSnfgAbog6BiSeQQ==\n-----END RSA PRIVATE KEY-----\n",
            "private_key_pem_pkcs8": "-----BEGIN PRIVATE KEY-----\nMIIEvgIBADANBgkqhkiG9w0BAQEFAASCBKgwggSkAgEAAoIBAQChvCwiWJA4r5u9\np+FCFEEq0oTgHMP1dOEau6MFxkAnwHiOu22Q6+dBNB7ECBBDcOaR2Smyzg9rE8jY\n2/Vk9PiTYqH2L5UJlMjPH7M8fnZ+aIPgoX2miaf9QH2UYof9DQGzULacF8ha6h+d\nDqY75GmsRh5aCnU243XkH0mINjWoCZM3lmoCdGJtL6WwdXkxrsYYQWV8/omgezXE\nnB6882iZ0+M6Ami4O7eeQzhi3g8nHXw/AgdLKH2gPvFUVjAkpIyRzMBy5CrkwDVv\nZYytjVmMVo4+/6AR55ybm0X0cleokOuA1JbbKGOLU7EbvUijlSZ/ZuN67VtJpCBb\nTMZp7wQfAgMBAAECggEAM6tTCjHy+TkY7zEX5K1l2FFjA9oMvHj3hTvWq/yW+Fwj\n5613JmpG+ey1u3i8AV+rOYMAMFBmWpX6f1VeAz/Dvgovpd+zpFj1Aj6lWzknj+DB\n6NyOsMqfcWfN9r63pR8noOqzPBDZADp1mQ5aCx5AqDnKboeSxNNMEXHxYuO2ppTO\nf0oxdyYtsPmGilOgcMgbStUohZEYcEVZn40aVK2IXKXgodhEICKl5pvET2qt5Glt\nQyjRbNlCuNJxWuJMkFzXZP0FN8u+MQkZJlkjWJP447Qfmr4R7NWbeyp6Xy+/llRt\n48GZ1hT4tK2KNws0ti7cSxaqOvMeZiM5Ij+u//vFGQKBgQDJZL3nWE9FehAI+nnS\nFxDKpwW2MsCo9vV8qT8+9hIiqsQg4ETRjoO03/ITShZBLptBga2cA44zchv8gW2Z\nXWRzK+Zmusegyj9b3ptAxQ4YFCDzOahJznUvdtZ9SrSiVY/7Z1kTfXH+e9vsXlQb\nkt+5B3LShUMaHeglpG4DDDX2PQKBgQDNlqF6nW7ehzdWuXQX1Vf01ALGc5xhl9UN\n3eNTTT7x6BbSs5+opJR9iaJb0sSVxgsXjgveQXfvy8qgDIoUbcE+09RAcqllf4VC\n+G+yb7adVg8Mr6g/hamqLzLuhb4p2RxlvBkBAQVPunMM1hei2D+5IX7jti1pOU+h\nlbZckHGliwKBgQCjyVWUd0KI+3tdAe/fB7k1Rt6jTeVXxPjjOHXiS5d2MDEvl5UA\nZIoCqPqj62Xr/u5vOPqrXkzg1BWkptIun0CZVgOcWp0NzE349jKHW3tZ48zkYmjW\nFZ1CS8CmxwHe3/0n9eYArs3trGewdQqsHifqv/8G7TAkZlwteOureNvN9QKBgEht\nOJYpwFVE7Ynv66Y50rK9vfyL3hvDkZtBAETogbRXPzMbdLPEx0syobAXoInjKyUx\nNZ0nE0m3Ubrwr/RidiHcHnpV6reHJTtiqncCRCNJniOp/mvietMprZe6JjQ3+Hke\nuvBPm79qv/1Vrx3/cPOXiUxPcdAQEK2sQIJ7oI3hAoGBAKPdWtCD/KHhVrcmM3xl\nSr6Hh7DskpqQE2tU1XjID/6fPe4l9FDBtCzFpYxzrhpzSLZcArIfCJz4cbn7KG4F\nsNhGWVk3qkhbZEyYmCL/OP01YK7CjNk0hivP841LRLerCjSXqiW/P9OO8s6JpvP6\nvUDOS+aUKNKd+ABuiDoGJJ5B\n-----END PRIVATE KEY-----\n",
            "public_key_fingerprint_md5": "20:6b:89:b4:3e:97:0f:95:49:18:70:18:35:c4:d1:5d",
            "public_key_fingerprint_sha256": "SHA256:fn1qLOH2pDumfrlxxcL0SeU7yWgEug/JxeAXsSuQIcA",
            "public_key_openssh": "ssh-rsa AAAAB3NzaC1yc2EAAAADAQABAAABAQChvCwiWJA4r5u9p+FCFEEq0oTgHMP1dOEau6MFxkAnwHiOu22Q6+dBNB7ECBBDcOaR2Smyzg9rE8jY2/Vk9PiTYqH2L5UJlMjPH7M8fnZ+aIPgoX2miaf9QH2UYof9DQGzULacF8ha6h+dDqY75GmsRh5aCnU243XkH0mINjWoCZM3lmoCdGJtL6WwdXkxrsYYQWV8/omgezXEnB6882iZ0+M6Ami4O7eeQzhi3g8nHXw/AgdLKH2gPvFUVjAkpIyRzMBy5CrkwDVvZYytjVmMVo4+/6AR55ybm0X0cleokOuA1JbbKGOLU7EbvUijlSZ/ZuN67VtJpCBbTMZp7wQf\n",
            "public_key_pem": "-----BEGIN PUBLIC KEY-----\nMIIBIjANBgkqhkiG9w0BAQEFAAOCAQ8AMIIBCgKCAQEAobwsIliQOK+bvafhQhRB\nKtKE4BzD9XThGrujBcZAJ8B4jrttkOvnQTQexAgQQ3Dmkdkpss4PaxPI2Nv1ZPT4\nk2Kh9i+VCZTIzx+zPH52fmiD4KF9pomn/UB9lGKH/Q0Bs1C2nBfIWuofnQ6mO+Rp\nrEYeWgp1NuN15B9JiDY1qAmTN5ZqAnRibS+lsHV5Ma7GGEFlfP6JoHs1xJwevPNo\nmdPjOgJouDu3nkM4Yt4PJx18PwIHSyh9oD7xVFYwJKSMkczAcuQq5MA1b2WMrY1Z\njFaOPv+gEeecm5tF9HJXqJDrgNSW2yhji1OxG71Io5Umf2bjeu1bSaQgW0zGae8E\nHwIDAQAB\n-----END PUBLIC KEY-----\n",
            "rsa_bits": 2048
          },
          "sensitive_attributes": []
        }
      ]
    }
  ],
  "check_results": null
}
