{
  "version": 4,
  "terraform_version": "1.4.5",
  "serial": 39,
  "lineage": "d365ccd8-2ba0-2fee-8c31-1e2e142663b2",
  "outputs": {},
  "resources": [
    {
      "mode": "managed",
      "type": "google_compute_firewall",
      "name": "jenkins_firewall",
      "provider": "provider[\"registry.terraform.io/hashicorp/google\"]",
      "instances": [
        {
          "schema_version": 1,
          "attributes": {
            "allow": [
              {
                "ports": [
                  "8080"
                ],
                "protocol": "tcp"
              }
            ],
            "creation_timestamp": "2023-05-06T15:07:19.638-07:00",
            "deny": [],
            "description": "",
            "destination_ranges": [],
            "direction": "INGRESS",
            "disabled": false,
            "enable_logging": null,
            "id": "projects/fine-craft-384611/global/firewalls/jenkins-firewall",
            "log_config": [],
            "name": "jenkins-firewall",
            "network": "https://www.googleapis.com/compute/v1/projects/fine-craft-384611/global/networks/default",
            "priority": 1000,
            "project": "fine-craft-384611",
            "self_link": "https://www.googleapis.com/compute/v1/projects/fine-craft-384611/global/firewalls/jenkins-firewall",
            "source_ranges": [
              "0.0.0.0/0"
            ],
            "source_service_accounts": null,
            "source_tags": null,
            "target_service_accounts": null,
            "target_tags": [
              "jenkins-server"
            ],
            "timeouts": null
          },
          "sensitive_attributes": [],
          "private": "eyJlMmJmYjczMC1lY2FhLTExZTYtOGY4OC0zNDM2M2JjN2M0YzAiOnsiY3JlYXRlIjoxMjAwMDAwMDAwMDAwLCJkZWxldGUiOjEyMDAwMDAwMDAwMDAsInVwZGF0ZSI6MTIwMDAwMDAwMDAwMH0sInNjaGVtYV92ZXJzaW9uIjoiMSJ9"
        }
      ]
    },
    {
      "mode": "managed",
      "type": "google_compute_instance",
      "name": "jenkins_server",
      "provider": "provider[\"registry.terraform.io/hashicorp/google\"]",
      "instances": [
        {
          "schema_version": 6,
          "attributes": {
            "advanced_machine_features": [],
            "allow_stopping_for_update": null,
            "attached_disk": [],
            "boot_disk": [
              {
                "auto_delete": true,
                "device_name": "persistent-disk-0",
                "disk_encryption_key_raw": "",
                "disk_encryption_key_sha256": "",
                "initialize_params": [
                  {
                    "image": "https://www.googleapis.com/compute/v1/projects/rhel-cloud/global/images/rhel-8-v20230411",
                    "labels": {},
                    "size": 20,
                    "type": "pd-standard"
                  }
                ],
                "kms_key_self_link": "",
                "mode": "READ_WRITE",
                "source": "https://www.googleapis.com/compute/v1/projects/fine-craft-384611/zones/us-central1-a/disks/jenkins-server"
              }
            ],
            "can_ip_forward": false,
            "confidential_instance_config": [],
            "cpu_platform": "Intel Haswell",
            "current_status": "RUNNING",
            "deletion_protection": false,
            "description": "",
            "desired_status": null,
            "enable_display": false,
            "guest_accelerator": [],
            "hostname": "",
            "id": "projects/fine-craft-384611/zones/us-central1-a/instances/jenkins-server",
            "instance_id": "7722148895500497270",
            "label_fingerprint": "42WmSpB8rSM=",
            "labels": null,
            "machine_type": "n1-standard-2",
            "metadata": {
              "ssh-keys": "ssh-rsa AAAAB3NzaC1yc2EAAAADAQABAAABgQDP2UbOVPTkZspxjrK+pyP1P9WxMRmZ9w7k01o8HKZ+VDlGgV0bQRw7MaFkxx7gY3fkawgIMo1yJp5HKx+e+c7H9yuY9fL4Tnmbrs0c0JnhnpcPGfgSHcQh5zoVerRtyprI2Iywul2VMOaWrX5se0tKfFVlJboO1dUv7dMDm1MQYdCz04GuEcd4wDN/he0QS7ZEivA317k1lwKTfA5jVnYBe67L2tYuQktFdwg+WD720CCYWfZB3FNHYOodEdHkhkgog1NisbYfFBkNJ11wNI9khk4GFM90agx4fz3WDXt0nskHzhqA/WbpFswR6xdbGvfICazQG8AVg85OX4knsZqIL062YDNe/f00jy2HPt7RnVkP66tZ7ro4R390nE076f9j9UBqwtCWAAVzZMrOsLGFJsDfO6B8+1y7GgFgRXrqQm3xbFptGrZM6H9Qgb4NSR4JARpY18sb/fa4CVAOOfc/vtp1Ku12AyCfKt2ls6R1Y106vul768ysd6WJJleCAWM= veemana@Arumugams-MacBook-Pro.local"
            },
            "metadata_fingerprint": "PNxhijAeous=",
            "metadata_startup_script": "#!/bin/bash\n\n# Install Java Development Kit (JDK)\nyum install fontconfig java-11-openjdk -y\n    \n#Install wget\nyum install wget -y \n\n# Install Jenkins\nwget -O /etc/yum.repos.d/jenkins.repo https://pkg.jenkins.io/redhat/jenkins.repo\nrpm --import https://pkg.jenkins.io/redhat/jenkins.io-2023.key\nyum install jenkins -y\n\n# Start Jenkins service\nsystemctl start jenkins\nsystemctl enable jenkins\n",
            "min_cpu_platform": "",
            "name": "jenkins-server",
            "network_interface": [
              {
                "access_config": [
                  {
                    "nat_ip": "34.136.189.107",
                    "network_tier": "PREMIUM",
                    "public_ptr_domain_name": ""
                  }
                ],
                "alias_ip_range": [],
                "ipv6_access_config": [],
                "ipv6_access_type": "",
                "name": "nic0",
                "network": "https://www.googleapis.com/compute/v1/projects/fine-craft-384611/global/networks/default",
                "network_ip": "10.128.0.34",
                "nic_type": "",
                "queue_count": 0,
                "stack_type": "IPV4_ONLY",
                "subnetwork": "https://www.googleapis.com/compute/v1/projects/fine-craft-384611/regions/us-central1/subnetworks/default",
                "subnetwork_project": "fine-craft-384611"
              }
            ],
            "project": "fine-craft-384611",
            "reservation_affinity": [],
            "resource_policies": null,
            "scheduling": [
              {
                "automatic_restart": true,
                "instance_termination_action": "",
                "min_node_cpus": 0,
                "node_affinities": [],
                "on_host_maintenance": "MIGRATE",
                "preemptible": false,
                "provisioning_model": "STANDARD"
              }
            ],
            "scratch_disk": [],
            "self_link": "https://www.googleapis.com/compute/v1/projects/fine-craft-384611/zones/us-central1-a/instances/jenkins-server",
            "service_account": [],
            "shielded_instance_config": [
              {
                "enable_integrity_monitoring": true,
                "enable_secure_boot": false,
                "enable_vtpm": true
              }
            ],
            "tags": [
              "jenkins-server",
              "production",
              "webserver"
            ],
            "tags_fingerprint": "DQ3nJ8y0mgY=",
            "timeouts": null,
            "zone": "us-central1-a"
          },
          "sensitive_attributes": [],
          "private": "eyJlMmJmYjczMC1lY2FhLTExZTYtOGY4OC0zNDM2M2JjN2M0YzAiOnsiY3JlYXRlIjoxMjAwMDAwMDAwMDAwLCJkZWxldGUiOjEyMDAwMDAwMDAwMDAsInVwZGF0ZSI6MTIwMDAwMDAwMDAwMH0sInNjaGVtYV92ZXJzaW9uIjoiNiJ9"
        }
      ]
    }
  ],
  "check_results": null
}
